
Microsoft Visual Studio Solution File, Format Version 12.00
# Visual Studio Version 16
VisualStudioVersion = 16.0.810.19
MinimumVisualStudioVersion = 10.0.40219.1
Project("{FAE04EC0-301F-11D3-BF4B-00C04F79EFBC}") = "BookStore", "BookStore\BookStore.csproj", "{7DECC1B6-03E4-45C8-9188-426EDC7D53F8}"
EndProject
Global
	GlobalSection(SolutionConfigurationPlatforms) = preSolution
		Debug|Any CPU = Debug|Any CPU
		Release|Any CPU = Release|Any CPU
	EndGlobalSection
	GlobalSection(ProjectConfigurationPlatforms) = postSolution
		{7DECC1B6-03E4-45C8-9188-426EDC7D53F8}.Debug|Any CPU.ActiveCfg = Debug|Any CPU
		{7DECC1B6-03E4-45C8-9188-426EDC7D53F8}.Debug|Any CPU.Build.0 = Debug|Any CPU
		{7DECC1B6-03E4-45C8-9188-426EDC7D53F8}.Release|Any CPU.ActiveCfg = Release|Any CPU
		{7DECC1B6-03E4-45C8-9188-426EDC7D53F8}.Release|Any CPU.Build.0 = Release|Any CPU
	EndGlobalSection
	GlobalSection(SolutionProperties) = preSolution
		HideSolutionNode = FALSE
	EndGlobalSection
	GlobalSection(ExtensibilityGlobals) = postSolution
		SolutionGuid = {01632E06-3617-424E-9BC3-62510A837368}
	EndGlobalSection
EndGlobal
